
Microsoft Visual Studio Solution File, Format Version 12.00
# Visual Studio 14
VisualStudioVersion = 14.0.24720.0
MinimumVisualStudioVersion = 10.0.40219.1
Project("{FAE04EC0-301F-11D3-BF4B-00C04F79EFBC}") = "VSSpotifyControls", "VSSpotifyControls\VSSpotifyControls.csproj", "{F714B627-8543-4151-8854-37A8E2D069D2}"
EndProject
Global
	GlobalSection(SolutionConfigurationPlatforms) = preSolution
		Debug|Any CPU = Debug|Any CPU
		Release|Any CPU = Release|Any CPU
	EndGlobalSection
	GlobalSection(ProjectConfigurationPlatforms) = postSolution
		{F714B627-8543-4151-8854-37A8E2D069D2}.Debug|Any CPU.ActiveCfg = Debug|Any CPU
		{F714B627-8543-4151-8854-37A8E2D069D2}.Debug|Any CPU.Build.0 = Debug|Any CPU
		{F714B627-8543-4151-8854-37A8E2D069D2}.Release|Any CPU.ActiveCfg = Release|Any CPU
		{F714B627-8543-4151-8854-37A8E2D069D2}.Release|Any CPU.Build.0 = Release|Any CPU
	EndGlobalSection
	GlobalSection(SolutionProperties) = preSolution
		HideSolutionNode = FALSE
	EndGlobalSection
EndGlobal
